# This file is autogenerated, do not edit; changes may be undone by the next 'dep ensure'.


[[projects]]
  branch = "master"
  name = "github.com/Azure/go-ntlmssp"
  packages = ["."]
  revision = "4a21cbd618b459155f8b8ee7f4491cd54f5efa77"

[[projects]]
  name = "github.com/ChrisTrenkamp/goxpath"
  packages = [".","internal/execxp","internal/lexer","internal/parser","internal/parser/findutil","internal/parser/intfns","internal/parser/pathexpr","internal/xconst","internal/xsort","tree","tree/xmltree","tree/xmltree/xmlbuilder","tree/xmltree/xmlele","tree/xmltree/xmlnode"]
  revision = "2ad3b31cf4a21db70fc0cacd0e0120eaae566f98"
  version = "v1.0-alpha3"

[[projects]]
  name = "github.com/gofrs/uuid"
  packages = ["."]
  revision = "6b08a5c5172ba18946672b49749cde22873dd7c2"
  version = "v3.2.0"

[[projects]]
  branch = "master"
  name = "github.com/masterzen/simplexml"
  packages = ["dom"]
  revision = "31eea30827864c9ab643aa5a0d5b2d4988ec8409"

[[projects]]
  branch = "master"
  name = "github.com/masterzen/winrm"
  packages = [".","soap"]
  revision = "1d17eaf15943ca3554cdebb3b1b10aaa543a0b7e"

[[projects]]
  branch = "master"
  name = "golang.org/x/crypto"
  packages = ["md4"]
  revision = "4def268fd1a49955bfb3dda92fe3db4f924f2285"

[[projects]]
  branch = "master"
  name = "golang.org/x/net"
  packages = ["html","html/atom","html/charset"]
  revision = "74dc4d7220e7acc4e100824340f3e66577424772"

[[projects]]
  name = "golang.org/x/text"
  packages = ["encoding","encoding/charmap","encoding/htmlindex","encoding/internal","encoding/internal/identifier","encoding/japanese","encoding/korean","encoding/simplifiedchinese","encoding/traditionalchinese","encoding/unicode","internal/gen","internal/language","internal/language/compact","internal/tag","internal/utf8internal","language","runes","transform","unicode/cldr"]
  revision = "342b2e1fbaa52c93f31447ad2c6abc048c63e475"
  version = "v0.3.2"

[solve-meta]
  analyzer-name = "dep"
  analyzer-version = 1
  inputs-digest = "4a86918d03d0cb383d1fa34237f69426fcf444eea2fddef5cf44d6293a4c5fb2"
  solver-name = "gps-cdcl"
  solver-version = 1
